
Microsoft Visual Studio Solution File, Format Version 12.00
# Visual Studio Version 16
VisualStudioVersion = 16.0.29409.12
MinimumVisualStudioVersion = 10.0.40219.1
Project("{888888A0-9F3D-457C-B088-3A5042F75D52}") = "Tower Escape", "Tower Escape.pyproj", "{69F9E7E2-B1C4-4805-AE1A-8D4E8F5BC03D}"
EndProject
Global
	GlobalSection(SolutionConfigurationPlatforms) = preSolution
		Debug|Any CPU = Debug|Any CPU
		Release|Any CPU = Release|Any CPU
	EndGlobalSection
	GlobalSection(ProjectConfigurationPlatforms) = postSolution
		{69F9E7E2-B1C4-4805-AE1A-8D4E8F5BC03D}.Debug|Any CPU.ActiveCfg = Debug|Any CPU
		{69F9E7E2-B1C4-4805-AE1A-8D4E8F5BC03D}.Release|Any CPU.ActiveCfg = Release|Any CPU
	EndGlobalSection
	GlobalSection(SolutionProperties) = preSolution
		HideSolutionNode = FALSE
	EndGlobalSection
	GlobalSection(ExtensibilityGlobals) = postSolution
		SolutionGuid = {7232B1D1-9DA6-4A5A-8D37-616B63B1DA15}
	EndGlobalSection
EndGlobal
